// !$*UTF8*$!
{
	archiveVersion = 1;
	classes = {
	};
	objectVersion = 46;
	objects = {

/* Begin PBXBuildFile section */
		54B2B7AA1D6AD61B007593C9 /* DataService.swift in Sources */ = {isa = PBXBuildFile; fileRef = 54B2B7A91D6AD61B007593C9 /* DataService.swift */; };
		54B2B7AC1D6AF26D007593C9 /* GoogleService-Info.plist in Resources */ = {isa = PBXBuildFile; fileRef = 54B2B7AB1D6AF26D007593C9 /* GoogleService-Info.plist */; };
		54B2B7AE1D6DE8B8007593C9 /* FeedVC.swift in Sources */ = {isa = PBXBuildFile; fileRef = 54B2B7AD1D6DE8B8007593C9 /* FeedVC.swift */; };
		54B2B7B01D6DE96C007593C9 /* PostCell.swift in Sources */ = {isa = PBXBuildFile; fileRef = 54B2B7AF1D6DE96C007593C9 /* PostCell.swift */; };
		54CDE59D1D66172D00EA46DB /* AppDelegate.swift in Sources */ = {isa = PBXBuildFile; fileRef = 54CDE59C1D66172D00EA46DB /* AppDelegate.swift */; };
		54CDE59F1D66172D00EA46DB /* ViewController.swift in Sources */ = {isa = PBXBuildFile; fileRef = 54CDE59E1D66172D00EA46DB /* ViewController.swift */; };
		54CDE5A21D66172D00EA46DB /* Main.storyboard in Resources */ = {isa = PBXBuildFile; fileRef = 54CDE5A01D66172D00EA46DB /* Main.storyboard */; };
		54CDE5A41D66172D00EA46DB /* Assets.xcassets in Resources */ = {isa = PBXBuildFile; fileRef = 54CDE5A31D66172D00EA46DB /* Assets.xcassets */; };
		54CDE5A71D66172D00EA46DB /* LaunchScreen.storyboard in Resources */ = {isa = PBXBuildFile; fileRef = 54CDE5A51D66172D00EA46DB /* LaunchScreen.storyboard */; };
		54CDE5B61D66188E00EA46DB /* NotoSans-Bold.ttf in Resources */ = {isa = PBXBuildFile; fileRef = 54CDE5B21D66188E00EA46DB /* NotoSans-Bold.ttf */; };
		54CDE5B71D66188E00EA46DB /* NotoSans-BoldItalic.ttf in Resources */ = {isa = PBXBuildFile; fileRef = 54CDE5B31D66188E00EA46DB /* NotoSans-BoldItalic.ttf */; };
		54CDE5B81D66188E00EA46DB /* NotoSans-Italic.ttf in Resources */ = {isa = PBXBuildFile; fileRef = 54CDE5B41D66188E00EA46DB /* NotoSans-Italic.ttf */; };
		54CDE5B91D66188E00EA46DB /* NotoSans-Regular.ttf in Resources */ = {isa = PBXBuildFile; fileRef = 54CDE5B51D66188E00EA46DB /* NotoSans-Regular.ttf */; };
		54CDE5BB1D6713C900EA46DB /* MaterialView.swift in Sources */ = {isa = PBXBuildFile; fileRef = 54CDE5BA1D6713C900EA46DB /* MaterialView.swift */; };
		54CDE5BE1D67141900EA46DB /* Constants.swift in Sources */ = {isa = PBXBuildFile; fileRef = 54CDE5BD1D67141900EA46DB /* Constants.swift */; };
		54CDE5C01D67184700EA46DB /* MaterialButton.swift in Sources */ = {isa = PBXBuildFile; fileRef = 54CDE5BF1D67184700EA46DB /* MaterialButton.swift */; };
		54CDE5C21D6720D700EA46DB /* MaterialTextField.swift in Sources */ = {isa = PBXBuildFile; fileRef = 54CDE5C11D6720D700EA46DB /* MaterialTextField.swift */; };
		54CDE5C71D6728C700EA46DB /* Bolts.framework in Frameworks */ = {isa = PBXBuildFile; fileRef = 54CDE5C41D6728C700EA46DB /* Bolts.framework */; };
		54CDE5C81D6728C700EA46DB /* FBSDKCoreKit.framework in Frameworks */ = {isa = PBXBuildFile; fileRef = 54CDE5C51D6728C700EA46DB /* FBSDKCoreKit.framework */; };
		54CDE5C91D6728C700EA46DB /* FBSDKLoginKit.framework in Frameworks */ = {isa = PBXBuildFile; fileRef = 54CDE5C61D6728C700EA46DB /* FBSDKLoginKit.framework */; };
		D5CB54B996C08CE83FBD12F7 /* Pods_FloriNet.framework in Frameworks */ = {isa = PBXBuildFile; fileRef = D32E423D0D4DEB9E5820D1F3 /* Pods_FloriNet.framework */; };
/* End PBXBuildFile section */

/* Begin PBXFileReference section */
		306147C01898975E10BCFB6C /* Pods-FloriNet.debug.xcconfig */ = {isa = PBXFileReference; includeInIndex = 1; lastKnownFileType = text.xcconfig; name = "Pods-FloriNet.debug.xcconfig"; path = "Pods/Target Support Files/Pods-FloriNet/Pods-FloriNet.debug.xcconfig"; sourceTree = "<group>"; };
		54B2B7A91D6AD61B007593C9 /* DataService.swift */ = {isa = PBXFileReference; fileEncoding = 4; lastKnownFileType = sourcecode.swift; path = DataService.swift; sourceTree = "<group>"; };
		54B2B7AB1D6AF26D007593C9 /* GoogleService-Info.plist */ = {isa = PBXFileReference; fileEncoding = 4; lastKnownFileType = text.plist.xml; path = "GoogleService-Info.plist"; sourceTree = "<group>"; };
		54B2B7AD1D6DE8B8007593C9 /* FeedVC.swift */ = {isa = PBXFileReference; fileEncoding = 4; lastKnownFileType = sourcecode.swift; path = FeedVC.swift; sourceTree = "<group>"; };
		54B2B7AF1D6DE96C007593C9 /* PostCell.swift */ = {isa = PBXFileReference; fileEncoding = 4; lastKnownFileType = sourcecode.swift; path = PostCell.swift; sourceTree = "<group>"; };
		54CDE5991D66172D00EA46DB /* FloriNet.app */ = {isa = PBXFileReference; explicitFileType = wrapper.application; includeInIndex = 0; path = FloriNet.app; sourceTree = BUILT_PRODUCTS_DIR; };
		54CDE59C1D66172D00EA46DB /* AppDelegate.swift */ = {isa = PBXFileReference; lastKnownFileType = sourcecode.swift; path = AppDelegate.swift; sourceTree = "<group>"; };
		54CDE59E1D66172D00EA46DB /* ViewController.swift */ = {isa = PBXFileReference; lastKnownFileType = sourcecode.swift; path = ViewController.swift; sourceTree = "<group>"; };
		54CDE5A11D66172D00EA46DB /* Base */ = {isa = PBXFileReference; lastKnownFileType = file.storyboard; name = Base; path = Base.lproj/Main.storyboard; sourceTree = "<group>"; };
		54CDE5A31D66172D00EA46DB /* Assets.xcassets */ = {isa = PBXFileReference; lastKnownFileType = folder.assetcatalog; path = Assets.xcassets; sourceTree = "<group>"; };
		54CDE5A61D66172D00EA46DB /* Base */ = {isa = PBXFileReference; lastKnownFileType = file.storyboard; name = Base; path = Base.lproj/LaunchScreen.storyboard; sourceTree = "<group>"; };
		54CDE5A81D66172D00EA46DB /* Info.plist */ = {isa = PBXFileReference; lastKnownFileType = text.plist.xml; path = Info.plist; sourceTree = "<group>"; };
		54CDE5B21D66188E00EA46DB /* NotoSans-Bold.ttf */ = {isa = PBXFileReference; lastKnownFileType = file; path = "NotoSans-Bold.ttf"; sourceTree = "<group>"; };
		54CDE5B31D66188E00EA46DB /* NotoSans-BoldItalic.ttf */ = {isa = PBXFileReference; lastKnownFileType = file; path = "NotoSans-BoldItalic.ttf"; sourceTree = "<group>"; };
		54CDE5B41D66188E00EA46DB /* NotoSans-Italic.ttf */ = {isa = PBXFileReference; lastKnownFileType = file; path = "NotoSans-Italic.ttf"; sourceTree = "<group>"; };
		54CDE5B51D66188E00EA46DB /* NotoSans-Regular.ttf */ = {isa = PBXFileReference; lastKnownFileType = file; path = "NotoSans-Regular.ttf"; sourceTree = "<group>"; };
		54CDE5BA1D6713C900EA46DB /* MaterialView.swift */ = {isa = PBXFileReference; fileEncoding = 4; lastKnownFileType = sourcecode.swift; path = MaterialView.swift; sourceTree = "<group>"; };
		54CDE5BD1D67141900EA46DB /* Constants.swift */ = {isa = PBXFileReference; fileEncoding = 4; lastKnownFileType = sourcecode.swift; path = Constants.swift; sourceTree = "<group>"; };
		54CDE5BF1D67184700EA46DB /* MaterialButton.swift */ = {isa = PBXFileReference; fileEncoding = 4; lastKnownFileType = sourcecode.swift; path = MaterialButton.swift; sourceTree = "<group>"; };
		54CDE5C11D6720D700EA46DB /* MaterialTextField.swift */ = {isa = PBXFileReference; fileEncoding = 4; lastKnownFileType = sourcecode.swift; path = MaterialTextField.swift; sourceTree = "<group>"; };
		54CDE5C41D6728C700EA46DB /* Bolts.framework */ = {isa = PBXFileReference; lastKnownFileType = wrapper.framework; path = Bolts.framework; sourceTree = "<group>"; };
		54CDE5C51D6728C700EA46DB /* FBSDKCoreKit.framework */ = {isa = PBXFileReference; lastKnownFileType = wrapper.framework; path = FBSDKCoreKit.framework; sourceTree = "<group>"; };
		54CDE5C61D6728C700EA46DB /* FBSDKLoginKit.framework */ = {isa = PBXFileReference; lastKnownFileType = wrapper.framework; path = FBSDKLoginKit.framework; sourceTree = "<group>"; };
		C59BE4FECCDD6B61969200A4 /* Pods-FloriNet.release.xcconfig */ = {isa = PBXFileReference; includeInIndex = 1; lastKnownFileType = text.xcconfig; name = "Pods-FloriNet.release.xcconfig"; path = "Pods/Target Support Files/Pods-FloriNet/Pods-FloriNet.release.xcconfig"; sourceTree = "<group>"; };
		D32E423D0D4DEB9E5820D1F3 /* Pods_FloriNet.framework */ = {isa = PBXFileReference; explicitFileType = wrapper.framework; includeInIndex = 0; path = Pods_FloriNet.framework; sourceTree = BUILT_PRODUCTS_DIR; };
/* End PBXFileReference section */

/* Begin PBXFrameworksBuildPhase section */
		54CDE5961D66172D00EA46DB /* Frameworks */ = {
			isa = PBXFrameworksBuildPhase;
			buildActionMask = 2147483647;
			files = (
				54CDE5C71D6728C700EA46DB /* Bolts.framework in Frameworks */,
				54CDE5C81D6728C700EA46DB /* FBSDKCoreKit.framework in Frameworks */,
				54CDE5C91D6728C700EA46DB /* FBSDKLoginKit.framework in Frameworks */,
				D5CB54B996C08CE83FBD12F7 /* Pods_FloriNet.framework in Frameworks */,
			);
			runOnlyForDeploymentPostprocessing = 0;
		};
/* End PBXFrameworksBuildPhase section */

/* Begin PBXGroup section */
		375521852C5BC647E4B96570 /* Pods */ = {
			isa = PBXGroup;
			children = (
				306147C01898975E10BCFB6C /* Pods-FloriNet.debug.xcconfig */,
				C59BE4FECCDD6B61969200A4 /* Pods-FloriNet.release.xcconfig */,
			);
			name = Pods;
			sourceTree = "<group>";
		};
		4618B28C62DA1C604BB96F9F /* Frameworks */ = {
			isa = PBXGroup;
			children = (
				D32E423D0D4DEB9E5820D1F3 /* Pods_FloriNet.framework */,
			);
			name = Frameworks;
			sourceTree = "<group>";
		};
		54B2B7A81D6AD60F007593C9 /* Services */ = {
			isa = PBXGroup;
			children = (
				54B2B7A91D6AD61B007593C9 /* DataService.swift */,
			);
			name = Services;
			sourceTree = "<group>";
		};
		54CDE5901D66172C00EA46DB = {
			isa = PBXGroup;
			children = (
				54CDE59B1D66172D00EA46DB /* FloriNet */,
				54CDE59A1D66172D00EA46DB /* Products */,
				375521852C5BC647E4B96570 /* Pods */,
				4618B28C62DA1C604BB96F9F /* Frameworks */,
			);
			sourceTree = "<group>";
		};
		54CDE59A1D66172D00EA46DB /* Products */ = {
			isa = PBXGroup;
			children = (
				54CDE5991D66172D00EA46DB /* FloriNet.app */,
			);
			name = Products;
			sourceTree = "<group>";
		};
		54CDE59B1D66172D00EA46DB /* FloriNet */ = {
			isa = PBXGroup;
			children = (
				54B2B7A81D6AD60F007593C9 /* Services */,
				54CDE5C31D6728AB00EA46DB /* Frameworks */,
				54CDE5BC1D67140900EA46DB /* Util */,
				54CDE5B11D66175200EA46DB /* Resources */,
				54CDE5B01D66174D00EA46DB /* Model */,
				54CDE5AF1D66174800EA46DB /* View */,
				54CDE5AE1D66173F00EA46DB /* Controller */,
				54CDE59C1D66172D00EA46DB /* AppDelegate.swift */,
				54CDE5A31D66172D00EA46DB /* Assets.xcassets */,
				54CDE5A81D66172D00EA46DB /* Info.plist */,
			);
			path = FloriNet;
			sourceTree = "<group>";
		};
		54CDE5AE1D66173F00EA46DB /* Controller */ = {
			isa = PBXGroup;
			children = (
				54CDE59E1D66172D00EA46DB /* ViewController.swift */,
				54B2B7AD1D6DE8B8007593C9 /* FeedVC.swift */,
			);
			name = Controller;
			sourceTree = "<group>";
		};
		54CDE5AF1D66174800EA46DB /* View */ = {
			isa = PBXGroup;
			children = (
				54CDE5A51D66172D00EA46DB /* LaunchScreen.storyboard */,
				54CDE5A01D66172D00EA46DB /* Main.storyboard */,
				54CDE5C11D6720D700EA46DB /* MaterialTextField.swift */,
				54CDE5BA1D6713C900EA46DB /* MaterialView.swift */,
				54CDE5BF1D67184700EA46DB /* MaterialButton.swift */,
				54B2B7AF1D6DE96C007593C9 /* PostCell.swift */,
			);
			name = View;
			sourceTree = "<group>";
		};
		54CDE5B01D66174D00EA46DB /* Model */ = {
			isa = PBXGroup;
			children = (
			);
			name = Model;
			sourceTree = "<group>";
		};
		54CDE5B11D66175200EA46DB /* Resources */ = {
			isa = PBXGroup;
			children = (
				54B2B7AB1D6AF26D007593C9 /* GoogleService-Info.plist */,
				54CDE5B21D66188E00EA46DB /* NotoSans-Bold.ttf */,
				54CDE5B31D66188E00EA46DB /* NotoSans-BoldItalic.ttf */,
				54CDE5B41D66188E00EA46DB /* NotoSans-Italic.ttf */,
				54CDE5B51D66188E00EA46DB /* NotoSans-Regular.ttf */,
			);
			name = Resources;
			sourceTree = "<group>";
		};
		54CDE5BC1D67140900EA46DB /* Util */ = {
			isa = PBXGroup;
			children = (
				54CDE5BD1D67141900EA46DB /* Constants.swift */,
			);
			name = Util;
			sourceTree = "<group>";
		};
		54CDE5C31D6728AB00EA46DB /* Frameworks */ = {
			isa = PBXGroup;
			children = (
				54CDE5C41D6728C700EA46DB /* Bolts.framework */,
				54CDE5C51D6728C700EA46DB /* FBSDKCoreKit.framework */,
				54CDE5C61D6728C700EA46DB /* FBSDKLoginKit.framework */,
			);
			name = Frameworks;
			sourceTree = "<group>";
		};
/* End PBXGroup section */

/* Begin PBXNativeTarget section */
		54CDE5981D66172D00EA46DB /* FloriNet */ = {
			isa = PBXNativeTarget;
			buildConfigurationList = 54CDE5AB1D66172D00EA46DB /* Build configuration list for PBXNativeTarget "FloriNet" */;
			buildPhases = (
				062884AC1476A001373ACAA6 /* [CP] Check Pods Manifest.lock */,
				54CDE5951D66172D00EA46DB /* Sources */,
				54CDE5961D66172D00EA46DB /* Frameworks */,
				54CDE5971D66172D00EA46DB /* Resources */,
				4CB8EB3F953C1086CA60E7E1 /* [CP] Embed Pods Frameworks */,
				953AEE5F12FAB0267D074008 /* [CP] Copy Pods Resources */,
			);
			buildRules = (
			);
			dependencies = (
			);
			name = FloriNet;
			productName = FloriNet;
			productReference = 54CDE5991D66172D00EA46DB /* FloriNet.app */;
			productType = "com.apple.product-type.application";
		};
/* End PBXNativeTarget section */

/* Begin PBXProject section */
		54CDE5911D66172C00EA46DB /* Project object */ = {
			isa = PBXProject;
			attributes = {
				LastSwiftUpdateCheck = 0730;
				LastUpgradeCheck = 0730;
				ORGANIZATIONNAME = "Florian Poncelin";
				TargetAttributes = {
					54CDE5981D66172D00EA46DB = {
						CreatedOnToolsVersion = 7.3.1;
						DevelopmentTeam = N64D7CJF29;
					};
				};
			};
			buildConfigurationList = 54CDE5941D66172C00EA46DB /* Build configuration list for PBXProject "FloriNet" */;
			compatibilityVersion = "Xcode 3.2";
			developmentRegion = English;
			hasScannedForEncodings = 0;
			knownRegions = (
				en,
				Base,
			);
			mainGroup = 54CDE5901D66172C00EA46DB;
			productRefGroup = 54CDE59A1D66172D00EA46DB /* Products */;
			projectDirPath = "";
			projectRoot = "";
			targets = (
				54CDE5981D66172D00EA46DB /* FloriNet */,
			);
		};
/* End PBXProject section */

/* Begin PBXResourcesBuildPhase section */
		54CDE5971D66172D00EA46DB /* Resources */ = {
			isa = PBXResourcesBuildPhase;
			buildActionMask = 2147483647;
			files = (
				54CDE5B61D66188E00EA46DB /* NotoSans-Bold.ttf in Resources */,
				54B2B7AC1D6AF26D007593C9 /* GoogleService-Info.plist in Resources */,
				54CDE5A71D66172D00EA46DB /* LaunchScreen.storyboard in Resources */,
				54CDE5B71D66188E00EA46DB /* NotoSans-BoldItalic.ttf in Resources */,
				54CDE5B81D66188E00EA46DB /* NotoSans-Italic.ttf in Resources */,
				54CDE5A41D66172D00EA46DB /* Assets.xcassets in Resources */,
				54CDE5A21D66172D00EA46DB /* Main.storyboard in Resources */,
				54CDE5B91D66188E00EA46DB /* NotoSans-Regular.ttf in Resources */,
			);
			runOnlyForDeploymentPostprocessing = 0;
		};
/* End PBXResourcesBuildPhase section */

/* Begin PBXShellScriptBuildPhase section */
		062884AC1476A001373ACAA6 /* [CP] Check Pods Manifest.lock */ = {
			isa = PBXShellScriptBuildPhase;
			buildActionMask = 2147483647;
			files = (
			);
			inputPaths = (
			);
			name = "[CP] Check Pods Manifest.lock";
			outputPaths = (
			);
			runOnlyForDeploymentPostprocessing = 0;
			shellPath = /bin/sh;
			shellScript = "diff \"${PODS_ROOT}/../Podfile.lock\" \"${PODS_ROOT}/Manifest.lock\" > /dev/null\nif [[ $? != 0 ]] ; then\n    cat << EOM\nerror: The sandbox is not in sync with the Podfile.lock. Run 'pod install' or update your CocoaPods installation.\nEOM\n    exit 1\nfi\n";
			showEnvVarsInLog = 0;
		};
		4CB8EB3F953C1086CA60E7E1 /* [CP] Embed Pods Frameworks */ = {
			isa = PBXShellScriptBuildPhase;
			buildActionMask = 2147483647;
			files = (
			);
			inputPaths = (
			);
			name = "[CP] Embed Pods Frameworks";
			outputPaths = (
			);
			runOnlyForDeploymentPostprocessing = 0;
			shellPath = /bin/sh;
			shellScript = "\"${SRCROOT}/Pods/Target Support Files/Pods-FloriNet/Pods-FloriNet-frameworks.sh\"\n";
			showEnvVarsInLog = 0;
		};
		953AEE5F12FAB0267D074008 /* [CP] Copy Pods Resources */ = {
			isa = PBXShellScriptBuildPhase;
			buildActionMask = 2147483647;
			files = (
			);
			inputPaths = (
			);
			name = "[CP] Copy Pods Resources";
			outputPaths = (
			);
			runOnlyForDeploymentPostprocessing = 0;
			shellPath = /bin/sh;
			shellScript = "\"${SRCROOT}/Pods/Target Support Files/Pods-FloriNet/Pods-FloriNet-resources.sh\"\n";
			showEnvVarsInLog = 0;
		};
/* End PBXShellScriptBuildPhase section */

/* Begin PBXSourcesBuildPhase section */
		54CDE5951D66172D00EA46DB /* Sources */ = {
			isa = PBXSourcesBuildPhase;
			buildActionMask = 2147483647;
			files = (
				54CDE5C21D6720D700EA46DB /* MaterialTextField.swift in Sources */,
				54B2B7AA1D6AD61B007593C9 /* DataService.swift in Sources */,
				54CDE5BB1D6713C900EA46DB /* MaterialView.swift in Sources */,
				54CDE59F1D66172D00EA46DB /* ViewController.swift in Sources */,
				54B2B7AE1D6DE8B8007593C9 /* FeedVC.swift in Sources */,
				54B2B7B01D6DE96C007593C9 /* PostCell.swift in Sources */,
				54CDE59D1D66172D00EA46DB /* AppDelegate.swift in Sources */,
				54CDE5BE1D67141900EA46DB /* Constants.swift in Sources */,
				54CDE5C01D67184700EA46DB /* MaterialButton.swift in Sources */,
			);
			runOnlyForDeploymentPostprocessing = 0;
		};
/* End PBXSourcesBuildPhase section */

/* Begin PBXVariantGroup section */
		54CDE5A01D66172D00EA46DB /* Main.storyboard */ = {
			isa = PBXVariantGroup;
			children = (
				54CDE5A11D66172D00EA46DB /* Base */,
			);
			name = Main.storyboard;
			sourceTree = "<group>";
		};
		54CDE5A51D66172D00EA46DB /* LaunchScreen.storyboard */ = {
			isa = PBXVariantGroup;
			children = (
				54CDE5A61D66172D00EA46DB /* Base */,
			);
			name = LaunchScreen.storyboard;
			sourceTree = "<group>";
		};
/* End PBXVariantGroup section */

/* Begin XCBuildConfiguration section */
		54CDE5A91D66172D00EA46DB /* Debug */ = {
			isa = XCBuildConfiguration;
			buildSettings = {
				ALWAYS_SEARCH_USER_PATHS = NO;
				CLANG_ANALYZER_NONNULL = YES;
				CLANG_CXX_LANGUAGE_STANDARD = "gnu++0x";
				CLANG_CXX_LIBRARY = "libc++";
				CLANG_ENABLE_MODULES = YES;
				CLANG_ENABLE_OBJC_ARC = YES;
				CLANG_WARN_BOOL_CONVERSION = YES;
				CLANG_WARN_CONSTANT_CONVERSION = YES;
				CLANG_WARN_DIRECT_OBJC_ISA_USAGE = YES_ERROR;
				CLANG_WARN_EMPTY_BODY = YES;
				CLANG_WARN_ENUM_CONVERSION = YES;
				CLANG_WARN_INT_CONVERSION = YES;
				CLANG_WARN_OBJC_ROOT_CLASS = YES_ERROR;
				CLANG_WARN_UNREACHABLE_CODE = YES;
				CLANG_WARN__DUPLICATE_METHOD_MATCH = YES;
				"CODE_SIGN_IDENTITY[sdk=iphoneos*]" = "iPhone Developer";
				COPY_PHASE_STRIP = NO;
				DEBUG_INFORMATION_FORMAT = dwarf;
				ENABLE_STRICT_OBJC_MSGSEND = YES;
				ENABLE_TESTABILITY = YES;
				GCC_C_LANGUAGE_STANDARD = gnu99;
				GCC_DYNAMIC_NO_PIC = NO;
				GCC_NO_COMMON_BLOCKS = YES;
				GCC_OPTIMIZATION_LEVEL = 0;
				GCC_PREPROCESSOR_DEFINITIONS = (
					"DEBUG=1",
					"$(inherited)",
				);
				GCC_WARN_64_TO_32_BIT_CONVERSION = YES;
				GCC_WARN_ABOUT_RETURN_TYPE = YES_ERROR;
				GCC_WARN_UNDECLARED_SELECTOR = YES;
				GCC_WARN_UNINITIALIZED_AUTOS = YES_AGGRESSIVE;
				GCC_WARN_UNUSED_FUNCTION = YES;
				GCC_WARN_UNUSED_VARIABLE = YES;
				IPHONEOS_DEPLOYMENT_TARGET = 9.3;
				MTL_ENABLE_DEBUG_INFO = YES;
				ONLY_ACTIVE_ARCH = YES;
				SDKROOT = iphoneos;
				SWIFT_OPTIMIZATION_LEVEL = "-Onone";
				TARGETED_DEVICE_FAMILY = "1,2";
			};
			name = Debug;
		};
		54CDE5AA1D66172D00EA46DB /* Release */ = {
			isa = XCBuildConfiguration;
			buildSettings = {
				ALWAYS_SEARCH_USER_PATHS = NO;
				CLANG_ANALYZER_NONNULL = YES;
				CLANG_CXX_LANGUAGE_STANDARD = "gnu++0x";
				CLANG_CXX_LIBRARY = "libc++";
				CLANG_ENABLE_MODULES = YES;
				CLANG_ENABLE_OBJC_ARC = YES;
				CLANG_WARN_BOOL_CONVERSION = YES;
				CLANG_WARN_CONSTANT_CONVERSION = YES;
				CLANG_WARN_DIRECT_OBJC_ISA_USAGE = YES_ERROR;
				CLANG_WARN_EMPTY_BODY = YES;
				CLANG_WARN_ENUM_CONVERSION = YES;
				CLANG_WARN_INT_CONVERSION = YES;
				CLANG_WARN_OBJC_ROOT_CLASS = YES_ERROR;
				CLANG_WARN_UNREACHABLE_CODE = YES;
				CLANG_WARN__DUPLICATE_METHOD_MATCH = YES;
				"CODE_SIGN_IDENTITY[sdk=iphoneos*]" = "iPhone Developer";
				COPY_PHASE_STRIP = NO;
				DEBUG_INFORMATION_FORMAT = "dwarf-with-dsym";
				ENABLE_NS_ASSERTIONS = NO;
				ENABLE_STRICT_OBJC_MSGSEND = YES;
				GCC_C_LANGUAGE_STANDARD = gnu99;
				GCC_NO_COMMON_BLOCKS = YES;
				GCC_WARN_64_TO_32_BIT_CONVERSION = YES;
				GCC_WARN_ABOUT_RETURN_TYPE = YES_ERROR;
				GCC_WARN_UNDECLARED_SELECTOR = YES;
				GCC_WARN_UNINITIALIZED_AUTOS = YES_AGGRESSIVE;
				GCC_WARN_UNUSED_FUNCTION = YES;
				GCC_WARN_UNUSED_VARIABLE = YES;
				IPHONEOS_DEPLOYMENT_TARGET = 9.3;
				MTL_ENABLE_DEBUG_INFO = NO;
				SDKROOT = iphoneos;
				TARGETED_DEVICE_FAMILY = "1,2";
				VALIDATE_PRODUCT = YES;
			};
			name = Release;
		};
		54CDE5AC1D66172D00EA46DB /* Debug */ = {
			isa = XCBuildConfiguration;
			baseConfigurationReference = 306147C01898975E10BCFB6C /* Pods-FloriNet.debug.xcconfig */;
			buildSettings = {
				ASSETCATALOG_COMPILER_APPICON_NAME = AppIcon;
				FRAMEWORK_SEARCH_PATHS = (
					"$(inherited)",
					"$(PROJECT_DIR)/FloriNet",
				);
				INFOPLIST_FILE = FloriNet/Info.plist;
				LD_RUNPATH_SEARCH_PATHS = "$(inherited) @executable_path/Frameworks";
				PRODUCT_BUNDLE_IDENTIFIER = com.florianponcelin.FloriNet;
				PRODUCT_NAME = "$(TARGET_NAME)";
			};
			name = Debug;
		};
		54CDE5AD1D66172D00EA46DB /* Release */ = {
			isa = XCBuildConfiguration;
			baseConfigurationReference = C59BE4FECCDD6B61969200A4 /* Pods-FloriNet.release.xcconfig */;
			buildSettings = {
				ASSETCATALOG_COMPILER_APPICON_NAME = AppIcon;
				FRAMEWORK_SEARCH_PATHS = (
					"$(inherited)",
					"$(PROJECT_DIR)/FloriNet",
				);
				INFOPLIST_FILE = FloriNet/Info.plist;
				LD_RUNPATH_SEARCH_PATHS = "$(inherited) @executable_path/Frameworks";
				PRODUCT_BUNDLE_IDENTIFIER = com.florianponcelin.FloriNet;
				PRODUCT_NAME = "$(TARGET_NAME)";
			};
			name = Release;
		};
/* End XCBuildConfiguration section */

/* Begin XCConfigurationList section */
		54CDE5941D66172C00EA46DB /* Build configuration list for PBXProject "FloriNet" */ = {
			isa = XCConfigurationList;
			buildConfigurations = (
				54CDE5A91D66172D00EA46DB /* Debug */,
				54CDE5AA1D66172D00EA46DB /* Release */,
			);
			defaultConfigurationIsVisible = 0;
			defaultConfigurationName = Release;
		};
		54CDE5AB1D66172D00EA46DB /* Build configuration list for PBXNativeTarget "FloriNet" */ = {
			isa = XCConfigurationList;
			buildConfigurations = (
				54CDE5AC1D66172D00EA46DB /* Debug */,
				54CDE5AD1D66172D00EA46DB /* Release */,
			);
			defaultConfigurationIsVisible = 0;
			defaultConfigurationName = Release;
		};
/* End XCConfigurationList section */
	};
	rootObject = 54CDE5911D66172C00EA46DB /* Project object */;
}
